{
  "name": "renovate-16197",
  "version": "1.0.0",
  "lockfileVersion": 2,
  "requires": true,
  "packages": {
    "": {
      "name": "renovate-16197",
      "version": "1.0.0",
      "license": "ISC",
      "dependencies": {
        "delay": "^4.4.1"
      }
    },
    "node_modules/delay": {
      "version": "4.4.1",
      "resolved": "https://registry.npmjs.org/delay/-/delay-4.4.1.tgz",
      "integrity": "sha512-aL3AhqtfhOlT/3ai6sWXeqwnw63ATNpnUiN4HL7x9q+My5QtHlO3OIkasmug9LKzpheLdmUKGRKnYXYAS7FQkQ==",
      "engines": {
        "node": ">=6"
      },
      "funding": {
        "url": "https://github.com/sponsors/sindresorhus"
      }
    }
  },
  "dependencies": {
    "delay": {
      "version": "4.4.1",
      "resolved": "https://registry.npmjs.org/delay/-/delay-4.4.1.tgz",
      "integrity": "sha512-aL3AhqtfhOlT/3ai6sWXeqwnw63ATNpnUiN4HL7x9q+My5QtHlO3OIkasmug9LKzpheLdmUKGRKnYXYAS7FQkQ=="
    }
  }
}
