{
  "name": "renovate-16197",
  "version": "1.0.0",
  "lockfileVersion": 2,
  "requires": true,
  "packages": {
    "": {
      "name": "renovate-16197",
      "version": "1.0.0",
      "license": "ISC",
      "dependencies": {
        "delay": "^4.4.1"
      }
    },
    "node_modules/delay": {
      "version": "4.4.1",
      "license": "MIT",
      "engines": {
        "node": ">=6"
      },
      "funding": {
        "url": "https://github.com/sponsors/sindresorhus"
      }
    }
  },
  "dependencies": {
    "delay": {
      "version": "4.4.1"
    }
  }
}
